
Microsoft Visual Studio Solution File, Format Version 12.00
# Visual Studio Version 17
VisualStudioVersion = 17.0.31903.59
MinimumVisualStudioVersion = 10.0.40219.1
Project("{2150E333-8FDC-42A3-9474-1A3956D46DE8}") = "src", "src", "{496B57FF-4EF2-443E-A65D-328D9DB49148}"
EndProject
Project("{FAE04EC0-301F-11D3-BF4B-00C04F79EFBC}") = "Cabazure.Messaging.Abstractions", "src\Cabazure.Messaging.Abstractions\Cabazure.Messaging.Abstractions.csproj", "{97E11134-0082-4B02-93B1-ACF466F0CFB4}"
EndProject
Project("{FAE04EC0-301F-11D3-BF4B-00C04F79EFBC}") = "Cabazure.Messaging.EventHub", "src\Cabazure.Messaging.EventHub\Cabazure.Messaging.EventHub.csproj", "{7A1A09BA-702E-4D79-90B9-5C7514638292}"
EndProject
Project("{FAE04EC0-301F-11D3-BF4B-00C04F79EFBC}") = "Cabazure.Messaging.ServiceBus", "src\Cabazure.Messaging.ServiceBus\Cabazure.Messaging.ServiceBus.csproj", "{67DECDE1-4455-4F12-B5A0-76BE25016CD2}"
EndProject
Project("{2150E333-8FDC-42A3-9474-1A3956D46DE8}") = ".config", ".config", "{8EC462FD-D22E-90A8-E5CE-7E832BA40C5D}"
	ProjectSection(SolutionItems) = preProject
		.editorconfig = .editorconfig
		Directory.Build.props = Directory.Build.props
		README.md = README.md
	EndProjectSection
EndProject
Project("{2150E333-8FDC-42A3-9474-1A3956D46DE8}") = "test", "test", "{02EA681E-C7D8-13C7-8484-4AC65E1B71E8}"
	ProjectSection(SolutionItems) = preProject
		test\.editorconfig = test\.editorconfig
	EndProjectSection
EndProject
Project("{FAE04EC0-301F-11D3-BF4B-00C04F79EFBC}") = "Cabazure.Messaging.EventHub.Tests", "test\Cabazure.Messaging.EventHub.Tests\Cabazure.Messaging.EventHub.Tests.csproj", "{D916AC1D-E1B5-4325-A09A-D2EF1116C2A0}"
EndProject
Project("{FAE04EC0-301F-11D3-BF4B-00C04F79EFBC}") = "Cabazure.Messaging.ServiceBus.Tests", "test\Cabazure.Messaging.ServiceBus.Tests\Cabazure.Messaging.ServiceBus.Tests.csproj", "{597FF3F6-A2F8-478F-B849-F8D8AE98C407}"
EndProject
Project("{2150E333-8FDC-42A3-9474-1A3956D46DE8}") = "samples", "samples", "{DF7C0EAA-E46A-4072-AF77-D0FB2C9E434B}"
EndProject
Project("{2150E333-8FDC-42A3-9474-1A3956D46DE8}") = "EventHub", "EventHub", "{E5E39E4F-A1D3-4BD3-982D-6A6035F5BCEE}"
EndProject
Project("{FAE04EC0-301F-11D3-BF4B-00C04F79EFBC}") = "EventHub.AppHost", "samples\EventHub\EventHub.AppHost\EventHub.AppHost.csproj", "{34B407ED-5347-23DF-A4A5-A2423A43FEAB}"
EndProject
Project("{FAE04EC0-301F-11D3-BF4B-00C04F79EFBC}") = "EventHub.Producer", "samples\EventHub\EventHub.Producer\EventHub.Producer.csproj", "{1597B199-DAF5-3A73-A403-5CF78D51EC13}"
EndProject
Project("{FAE04EC0-301F-11D3-BF4B-00C04F79EFBC}") = "EventHub.ServiceDefaults", "samples\EventHub\EventHub.ServiceDefaults\EventHub.ServiceDefaults.csproj", "{11968A31-DE57-087C-BEC2-A0F1379011AC}"
EndProject
Project("{FAE04EC0-301F-11D3-BF4B-00C04F79EFBC}") = "EventHub.Processor", "samples\EventHub\EventHub.Processor\EventHub.Processor.csproj", "{BFBFA229-24F2-7F48-C294-18B04A7785F4}"
EndProject
Project("{2150E333-8FDC-42A3-9474-1A3956D46DE8}") = ".github", ".github", "{EA5EDF86-EFC4-46AE-A4B2-DD5DD2737544}"
EndProject
Project("{2150E333-8FDC-42A3-9474-1A3956D46DE8}") = "workflows", "workflows", "{9BAE3CA9-9B06-4E99-A2E0-653B1434E544}"
	ProjectSection(SolutionItems) = preProject
		.github\workflows\ci.yml = .github\workflows\ci.yml
		.github\workflows\release-preview.yml = .github\workflows\release-preview.yml
		.github\workflows\release.yml = .github\workflows\release.yml
	EndProjectSection
EndProject
Project("{2150E333-8FDC-42A3-9474-1A3956D46DE8}") = "ServiceBus", "ServiceBus", "{D014ACC4-9757-4891-A9F2-C50FE527B6CB}"
EndProject
Project("{FAE04EC0-301F-11D3-BF4B-00C04F79EFBC}") = "ServiceBus.Producer", "samples\ServiceBus\ServiceBus.Producer\ServiceBus.Producer.csproj", "{F8B62BD6-3767-9054-3085-FC2263D9CD51}"
EndProject
Project("{FAE04EC0-301F-11D3-BF4B-00C04F79EFBC}") = "ServiceBus.AppHost", "samples\ServiceBus\ServiceBus.AppHost\ServiceBus.AppHost.csproj", "{11FF7660-BC16-486C-A8FB-C92C1F061B94}"
EndProject
Project("{FAE04EC0-301F-11D3-BF4B-00C04F79EFBC}") = "ServiceBus.ServiceDefaults", "samples\ServiceBus\ServiceBus.ServiceDefaults\ServiceBus.ServiceDefaults.csproj", "{2DF895FB-AAD5-414E-8D55-C75F9E3E7768}"
EndProject
Project("{FAE04EC0-301F-11D3-BF4B-00C04F79EFBC}") = "ServiceBus.Processor", "samples\ServiceBus\ServiceBus.Processor\ServiceBus.Processor.csproj", "{0B10ADC9-30E4-B759-5284-2E90D3589DB8}"
EndProject
Project("{FAE04EC0-301F-11D3-BF4B-00C04F79EFBC}") = "Cabazure.Messaging.StorageQueue", "src\Cabazure.Messaging.StorageQueue\Cabazure.Messaging.StorageQueue.csproj", "{9C6B0174-88F3-4324-8788-5D51294B1728}"
EndProject
Project("{2150E333-8FDC-42A3-9474-1A3956D46DE8}") = "StorageQueue", "StorageQueue", "{E6CAEEED-7264-4882-8F44-8EB806B329CC}"
EndProject
Project("{FAE04EC0-301F-11D3-BF4B-00C04F79EFBC}") = "StorageQueue.ServiceDefaults", "samples\StorageQueue\StorageQueue.ServiceDefaults\StorageQueue.ServiceDefaults.csproj", "{AAC9DEED-CAEC-FEA8-6D6D-CA89B1407B88}"
EndProject
Project("{FAE04EC0-301F-11D3-BF4B-00C04F79EFBC}") = "StorageQueue.Producer", "samples\StorageQueue\StorageQueue.Producer\StorageQueue.Producer.csproj", "{9B82A429-95FD-B359-5609-9710ED6012D8}"
EndProject
Project("{FAE04EC0-301F-11D3-BF4B-00C04F79EFBC}") = "StorageQueue.Processor", "samples\StorageQueue\StorageQueue.Processor\StorageQueue.Processor.csproj", "{914821EA-ACB4-1FF6-756E-B0C783BF3D4E}"
EndProject
Project("{FAE04EC0-301F-11D3-BF4B-00C04F79EFBC}") = "StorageQueue.AppHost", "samples\StorageQueue\StorageQueue.AppHost\StorageQueue.AppHost.csproj", "{BC1382D8-FB56-FC09-977B-4D50D8696375}"
EndProject
Global
	GlobalSection(SolutionConfigurationPlatforms) = preSolution
		Debug|Any CPU = Debug|Any CPU
		Release|Any CPU = Release|Any CPU
	EndGlobalSection
	GlobalSection(ProjectConfigurationPlatforms) = postSolution
		{97E11134-0082-4B02-93B1-ACF466F0CFB4}.Debug|Any CPU.ActiveCfg = Debug|Any CPU
		{97E11134-0082-4B02-93B1-ACF466F0CFB4}.Debug|Any CPU.Build.0 = Debug|Any CPU
		{97E11134-0082-4B02-93B1-ACF466F0CFB4}.Release|Any CPU.ActiveCfg = Release|Any CPU
		{97E11134-0082-4B02-93B1-ACF466F0CFB4}.Release|Any CPU.Build.0 = Release|Any CPU
		{7A1A09BA-702E-4D79-90B9-5C7514638292}.Debug|Any CPU.ActiveCfg = Debug|Any CPU
		{7A1A09BA-702E-4D79-90B9-5C7514638292}.Debug|Any CPU.Build.0 = Debug|Any CPU
		{7A1A09BA-702E-4D79-90B9-5C7514638292}.Release|Any CPU.ActiveCfg = Release|Any CPU
		{7A1A09BA-702E-4D79-90B9-5C7514638292}.Release|Any CPU.Build.0 = Release|Any CPU
		{67DECDE1-4455-4F12-B5A0-76BE25016CD2}.Debug|Any CPU.ActiveCfg = Debug|Any CPU
		{67DECDE1-4455-4F12-B5A0-76BE25016CD2}.Debug|Any CPU.Build.0 = Debug|Any CPU
		{67DECDE1-4455-4F12-B5A0-76BE25016CD2}.Release|Any CPU.ActiveCfg = Release|Any CPU
		{67DECDE1-4455-4F12-B5A0-76BE25016CD2}.Release|Any CPU.Build.0 = Release|Any CPU
		{D916AC1D-E1B5-4325-A09A-D2EF1116C2A0}.Debug|Any CPU.ActiveCfg = Debug|Any CPU
		{D916AC1D-E1B5-4325-A09A-D2EF1116C2A0}.Debug|Any CPU.Build.0 = Debug|Any CPU
		{D916AC1D-E1B5-4325-A09A-D2EF1116C2A0}.Release|Any CPU.ActiveCfg = Release|Any CPU
		{D916AC1D-E1B5-4325-A09A-D2EF1116C2A0}.Release|Any CPU.Build.0 = Release|Any CPU
		{597FF3F6-A2F8-478F-B849-F8D8AE98C407}.Debug|Any CPU.ActiveCfg = Debug|Any CPU
		{597FF3F6-A2F8-478F-B849-F8D8AE98C407}.Debug|Any CPU.Build.0 = Debug|Any CPU
		{597FF3F6-A2F8-478F-B849-F8D8AE98C407}.Release|Any CPU.ActiveCfg = Release|Any CPU
		{597FF3F6-A2F8-478F-B849-F8D8AE98C407}.Release|Any CPU.Build.0 = Release|Any CPU
		{34B407ED-5347-23DF-A4A5-A2423A43FEAB}.Debug|Any CPU.ActiveCfg = Debug|Any CPU
		{34B407ED-5347-23DF-A4A5-A2423A43FEAB}.Debug|Any CPU.Build.0 = Debug|Any CPU
		{34B407ED-5347-23DF-A4A5-A2423A43FEAB}.Release|Any CPU.ActiveCfg = Release|Any CPU
		{34B407ED-5347-23DF-A4A5-A2423A43FEAB}.Release|Any CPU.Build.0 = Release|Any CPU
		{1597B199-DAF5-3A73-A403-5CF78D51EC13}.Debug|Any CPU.ActiveCfg = Debug|Any CPU
		{1597B199-DAF5-3A73-A403-5CF78D51EC13}.Debug|Any CPU.Build.0 = Debug|Any CPU
		{1597B199-DAF5-3A73-A403-5CF78D51EC13}.Release|Any CPU.ActiveCfg = Release|Any CPU
		{1597B199-DAF5-3A73-A403-5CF78D51EC13}.Release|Any CPU.Build.0 = Release|Any CPU
		{11968A31-DE57-087C-BEC2-A0F1379011AC}.Debug|Any CPU.ActiveCfg = Debug|Any CPU
		{11968A31-DE57-087C-BEC2-A0F1379011AC}.Debug|Any CPU.Build.0 = Debug|Any CPU
		{11968A31-DE57-087C-BEC2-A0F1379011AC}.Release|Any CPU.ActiveCfg = Release|Any CPU
		{11968A31-DE57-087C-BEC2-A0F1379011AC}.Release|Any CPU.Build.0 = Release|Any CPU
		{BFBFA229-24F2-7F48-C294-18B04A7785F4}.Debug|Any CPU.ActiveCfg = Debug|Any CPU
		{BFBFA229-24F2-7F48-C294-18B04A7785F4}.Debug|Any CPU.Build.0 = Debug|Any CPU
		{BFBFA229-24F2-7F48-C294-18B04A7785F4}.Release|Any CPU.ActiveCfg = Release|Any CPU
		{BFBFA229-24F2-7F48-C294-18B04A7785F4}.Release|Any CPU.Build.0 = Release|Any CPU
		{F8B62BD6-3767-9054-3085-FC2263D9CD51}.Debug|Any CPU.ActiveCfg = Debug|Any CPU
		{F8B62BD6-3767-9054-3085-FC2263D9CD51}.Debug|Any CPU.Build.0 = Debug|Any CPU
		{F8B62BD6-3767-9054-3085-FC2263D9CD51}.Release|Any CPU.ActiveCfg = Release|Any CPU
		{F8B62BD6-3767-9054-3085-FC2263D9CD51}.Release|Any CPU.Build.0 = Release|Any CPU
		{11FF7660-BC16-486C-A8FB-C92C1F061B94}.Debug|Any CPU.ActiveCfg = Debug|Any CPU
		{11FF7660-BC16-486C-A8FB-C92C1F061B94}.Debug|Any CPU.Build.0 = Debug|Any CPU
		{11FF7660-BC16-486C-A8FB-C92C1F061B94}.Release|Any CPU.ActiveCfg = Release|Any CPU
		{11FF7660-BC16-486C-A8FB-C92C1F061B94}.Release|Any CPU.Build.0 = Release|Any CPU
		{2DF895FB-AAD5-414E-8D55-C75F9E3E7768}.Debug|Any CPU.ActiveCfg = Debug|Any CPU
		{2DF895FB-AAD5-414E-8D55-C75F9E3E7768}.Debug|Any CPU.Build.0 = Debug|Any CPU
		{2DF895FB-AAD5-414E-8D55-C75F9E3E7768}.Release|Any CPU.ActiveCfg = Release|Any CPU
		{2DF895FB-AAD5-414E-8D55-C75F9E3E7768}.Release|Any CPU.Build.0 = Release|Any CPU
		{0B10ADC9-30E4-B759-5284-2E90D3589DB8}.Debug|Any CPU.ActiveCfg = Debug|Any CPU
		{0B10ADC9-30E4-B759-5284-2E90D3589DB8}.Debug|Any CPU.Build.0 = Debug|Any CPU
		{0B10ADC9-30E4-B759-5284-2E90D3589DB8}.Release|Any CPU.ActiveCfg = Release|Any CPU
		{0B10ADC9-30E4-B759-5284-2E90D3589DB8}.Release|Any CPU.Build.0 = Release|Any CPU
		{9C6B0174-88F3-4324-8788-5D51294B1728}.Debug|Any CPU.ActiveCfg = Debug|Any CPU
		{9C6B0174-88F3-4324-8788-5D51294B1728}.Debug|Any CPU.Build.0 = Debug|Any CPU
		{9C6B0174-88F3-4324-8788-5D51294B1728}.Release|Any CPU.ActiveCfg = Release|Any CPU
		{9C6B0174-88F3-4324-8788-5D51294B1728}.Release|Any CPU.Build.0 = Release|Any CPU
		{AAC9DEED-CAEC-FEA8-6D6D-CA89B1407B88}.Debug|Any CPU.ActiveCfg = Debug|Any CPU
		{AAC9DEED-CAEC-FEA8-6D6D-CA89B1407B88}.Debug|Any CPU.Build.0 = Debug|Any CPU
		{AAC9DEED-CAEC-FEA8-6D6D-CA89B1407B88}.Release|Any CPU.ActiveCfg = Release|Any CPU
		{AAC9DEED-CAEC-FEA8-6D6D-CA89B1407B88}.Release|Any CPU.Build.0 = Release|Any CPU
		{9B82A429-95FD-B359-5609-9710ED6012D8}.Debug|Any CPU.ActiveCfg = Debug|Any CPU
		{9B82A429-95FD-B359-5609-9710ED6012D8}.Debug|Any CPU.Build.0 = Debug|Any CPU
		{9B82A429-95FD-B359-5609-9710ED6012D8}.Release|Any CPU.ActiveCfg = Release|Any CPU
		{9B82A429-95FD-B359-5609-9710ED6012D8}.Release|Any CPU.Build.0 = Release|Any CPU
		{914821EA-ACB4-1FF6-756E-B0C783BF3D4E}.Debug|Any CPU.ActiveCfg = Debug|Any CPU
		{914821EA-ACB4-1FF6-756E-B0C783BF3D4E}.Debug|Any CPU.Build.0 = Debug|Any CPU
		{914821EA-ACB4-1FF6-756E-B0C783BF3D4E}.Release|Any CPU.ActiveCfg = Release|Any CPU
		{914821EA-ACB4-1FF6-756E-B0C783BF3D4E}.Release|Any CPU.Build.0 = Release|Any CPU
		{BC1382D8-FB56-FC09-977B-4D50D8696375}.Debug|Any CPU.ActiveCfg = Debug|Any CPU
		{BC1382D8-FB56-FC09-977B-4D50D8696375}.Debug|Any CPU.Build.0 = Debug|Any CPU
		{BC1382D8-FB56-FC09-977B-4D50D8696375}.Release|Any CPU.ActiveCfg = Release|Any CPU
		{BC1382D8-FB56-FC09-977B-4D50D8696375}.Release|Any CPU.Build.0 = Release|Any CPU
	EndGlobalSection
	GlobalSection(SolutionProperties) = preSolution
		HideSolutionNode = FALSE
	EndGlobalSection
	GlobalSection(NestedProjects) = preSolution
		{97E11134-0082-4B02-93B1-ACF466F0CFB4} = {496B57FF-4EF2-443E-A65D-328D9DB49148}
		{7A1A09BA-702E-4D79-90B9-5C7514638292} = {496B57FF-4EF2-443E-A65D-328D9DB49148}
		{67DECDE1-4455-4F12-B5A0-76BE25016CD2} = {496B57FF-4EF2-443E-A65D-328D9DB49148}
		{D916AC1D-E1B5-4325-A09A-D2EF1116C2A0} = {02EA681E-C7D8-13C7-8484-4AC65E1B71E8}
		{597FF3F6-A2F8-478F-B849-F8D8AE98C407} = {02EA681E-C7D8-13C7-8484-4AC65E1B71E8}
		{E5E39E4F-A1D3-4BD3-982D-6A6035F5BCEE} = {DF7C0EAA-E46A-4072-AF77-D0FB2C9E434B}
		{34B407ED-5347-23DF-A4A5-A2423A43FEAB} = {E5E39E4F-A1D3-4BD3-982D-6A6035F5BCEE}
		{1597B199-DAF5-3A73-A403-5CF78D51EC13} = {E5E39E4F-A1D3-4BD3-982D-6A6035F5BCEE}
		{11968A31-DE57-087C-BEC2-A0F1379011AC} = {E5E39E4F-A1D3-4BD3-982D-6A6035F5BCEE}
		{BFBFA229-24F2-7F48-C294-18B04A7785F4} = {E5E39E4F-A1D3-4BD3-982D-6A6035F5BCEE}
		{9BAE3CA9-9B06-4E99-A2E0-653B1434E544} = {EA5EDF86-EFC4-46AE-A4B2-DD5DD2737544}
		{D014ACC4-9757-4891-A9F2-C50FE527B6CB} = {DF7C0EAA-E46A-4072-AF77-D0FB2C9E434B}
		{F8B62BD6-3767-9054-3085-FC2263D9CD51} = {D014ACC4-9757-4891-A9F2-C50FE527B6CB}
		{11FF7660-BC16-486C-A8FB-C92C1F061B94} = {D014ACC4-9757-4891-A9F2-C50FE527B6CB}
		{2DF895FB-AAD5-414E-8D55-C75F9E3E7768} = {D014ACC4-9757-4891-A9F2-C50FE527B6CB}
		{0B10ADC9-30E4-B759-5284-2E90D3589DB8} = {D014ACC4-9757-4891-A9F2-C50FE527B6CB}
		{9C6B0174-88F3-4324-8788-5D51294B1728} = {496B57FF-4EF2-443E-A65D-328D9DB49148}
		{E6CAEEED-7264-4882-8F44-8EB806B329CC} = {DF7C0EAA-E46A-4072-AF77-D0FB2C9E434B}
		{AAC9DEED-CAEC-FEA8-6D6D-CA89B1407B88} = {E6CAEEED-7264-4882-8F44-8EB806B329CC}
		{9B82A429-95FD-B359-5609-9710ED6012D8} = {E6CAEEED-7264-4882-8F44-8EB806B329CC}
		{914821EA-ACB4-1FF6-756E-B0C783BF3D4E} = {E6CAEEED-7264-4882-8F44-8EB806B329CC}
		{BC1382D8-FB56-FC09-977B-4D50D8696375} = {E6CAEEED-7264-4882-8F44-8EB806B329CC}
	EndGlobalSection
	GlobalSection(ExtensibilityGlobals) = postSolution
		SolutionGuid = {0138CC49-8843-44F6-A197-36ED64EA185E}
	EndGlobalSection
EndGlobal
